<?xml version="1.0" encoding="utf-8"?>
<Project ToolsVersion="4.0" xmlns="http://schemas.microsoft.com/developer/msbuild/2003">
  <ItemGroup>
    <Filter Include="Actor">
      <UniqueIdentifier>{9E7ECF0C-0A93-F7BD-D314-9B1D3FE8F3EE}</UniqueIdentifier>
    </Filter>
    <Filter Include="Common">
      <UniqueIdentifier>{8EEA3EAC-7A8C-6982-6347-7DD64F88F0D2}</UniqueIdentifier>
    </Filter>
  </ItemGroup>
  <ItemGroup>
    <ClInclude Include="src\Peanut\Actor\ActorBase.h">
      <Filter>Actor</Filter>
    </ClInclude>
    <ClInclude Include="src\Peanut\Common\Transform.h">
      <Filter>Common</Filter>
    </ClInclude>
    <ClInclude Include="src\Peanut\Actor\DynamicActor.h" />
    <ClInclude Include="src\Peanut\PhysicsWorld.h" />
    <ClInclude Include="src\Peanut\Common\Common.h" />
    <ClInclude Include="src\Peanut\Collision\Shape.h" />
    <ClInclude Include="src\Peanut\Collision\GeometryBase.h" />
    <ClInclude Include="src\Peanut\Collision\BoxGeometry.h" />
    <ClInclude Include="src\Peanut\PeanutSDK.h" />
    <ClInclude Include="src\Peanut\Math\AABB.h" />
  </ItemGroup>
  <ItemGroup>
    <ClCompile Include="src\Peanut\Actor\DynamicActor.cpp" />
    <ClCompile Include="src\Peanut\PhysicsWorld.cpp" />
    <ClCompile Include="src\Peanut\Actor\ActorBase.cpp" />
    <ClCompile Include="src\Peanut\Collision\Shape.cpp" />
    <ClCompile Include="src\Peanut\PeanutSDK.cpp" />
    <ClCompile Include="src\Peanut\Math\AABB.cpp" />
  </ItemGroup>
</Project>